
Microsoft Visual Studio Solution File, Format Version 12.00
# Visual Studio Version 16
VisualStudioVersion = 16.0.31019.35
MinimumVisualStudioVersion = 10.0.40219.1
Project("{2150E333-8FDC-42A3-9474-1A3956D46DE8}") = "Frontend", "Frontend", "{A0DD61B3-5B0B-4FA7-A5D7-D7F45B2A6ACD}"
EndProject
Project("{FAE04EC0-301F-11D3-BF4B-00C04F79EFBC}") = "Mango.Web", "Mango.Web\Mango.Web.csproj", "{DFB2AB1C-F663-4BD9-916C-2888D78DF742}"
EndProject
Project("{2150E333-8FDC-42A3-9474-1A3956D46DE8}") = "Services", "Services", "{24C81843-DF1A-4FB7-BBF5-85FADFB46D80}"
EndProject
Project("{FAE04EC0-301F-11D3-BF4B-00C04F79EFBC}") = "Mango.Services.ProductAPI", "Mango.Services.ProductAPI\Mango.Services.ProductAPI.csproj", "{A7D17CC2-FDA3-4CD9-94D7-16F831CF612A}"
EndProject
Global
	GlobalSection(SolutionConfigurationPlatforms) = preSolution
		Debug|Any CPU = Debug|Any CPU
		Release|Any CPU = Release|Any CPU
	EndGlobalSection
	GlobalSection(ProjectConfigurationPlatforms) = postSolution
		{DFB2AB1C-F663-4BD9-916C-2888D78DF742}.Debug|Any CPU.ActiveCfg = Debug|Any CPU
		{DFB2AB1C-F663-4BD9-916C-2888D78DF742}.Debug|Any CPU.Build.0 = Debug|Any CPU
		{DFB2AB1C-F663-4BD9-916C-2888D78DF742}.Release|Any CPU.ActiveCfg = Release|Any CPU
		{DFB2AB1C-F663-4BD9-916C-2888D78DF742}.Release|Any CPU.Build.0 = Release|Any CPU
		{A7D17CC2-FDA3-4CD9-94D7-16F831CF612A}.Debug|Any CPU.ActiveCfg = Debug|Any CPU
		{A7D17CC2-FDA3-4CD9-94D7-16F831CF612A}.Debug|Any CPU.Build.0 = Debug|Any CPU
		{A7D17CC2-FDA3-4CD9-94D7-16F831CF612A}.Release|Any CPU.ActiveCfg = Release|Any CPU
		{A7D17CC2-FDA3-4CD9-94D7-16F831CF612A}.Release|Any CPU.Build.0 = Release|Any CPU
	EndGlobalSection
	GlobalSection(SolutionProperties) = preSolution
		HideSolutionNode = FALSE
	EndGlobalSection
	GlobalSection(NestedProjects) = preSolution
		{DFB2AB1C-F663-4BD9-916C-2888D78DF742} = {A0DD61B3-5B0B-4FA7-A5D7-D7F45B2A6ACD}
		{A7D17CC2-FDA3-4CD9-94D7-16F831CF612A} = {24C81843-DF1A-4FB7-BBF5-85FADFB46D80}
	EndGlobalSection
	GlobalSection(ExtensibilityGlobals) = postSolution
		SolutionGuid = {3F5D0002-C670-46BE-8921-D419C8DDBD46}
	EndGlobalSection
EndGlobal
